# This file is automatically @generated by Cargo.
# It is not intended for manual editing.
version = 3

[[package]]
name = "mecha-pwm"
version = "0.1.0"
dependencies = [
 "sysfs-pwm",
]

[[package]]
name = "sysfs-pwm"
version = "0.1.0"
source = "registry+https://github.com/rust-lang/crates.io-index"
checksum = "267589d5f86a21e4da23c23be6083a6bcc42b3ea90ab952cda36917231e22849"
